
Microsoft Visual Studio Solution File, Format Version 12.00
# Visual Studio Version 17
VisualStudioVersion = 17.9.34607.119
MinimumVisualStudioVersion = 10.0.40219.1
Project("{FAE04EC0-301F-11D3-BF4B-00C04F79EFBC}") = "laboratoriofinal", "laboratoriofinal\laboratoriofinal.csproj", "{A237E234-4753-45C7-B748-DC7087707F9F}"
EndProject
Global
	GlobalSection(SolutionConfigurationPlatforms) = preSolution
		Debug|Any CPU = Debug|Any CPU
		Release|Any CPU = Release|Any CPU
	EndGlobalSection
	GlobalSection(ProjectConfigurationPlatforms) = postSolution
		{A237E234-4753-45C7-B748-DC7087707F9F}.Debug|Any CPU.ActiveCfg = Debug|Any CPU
		{A237E234-4753-45C7-B748-DC7087707F9F}.Debug|Any CPU.Build.0 = Debug|Any CPU
		{A237E234-4753-45C7-B748-DC7087707F9F}.Release|Any CPU.ActiveCfg = Release|Any CPU
		{A237E234-4753-45C7-B748-DC7087707F9F}.Release|Any CPU.Build.0 = Release|Any CPU
	EndGlobalSection
	GlobalSection(SolutionProperties) = preSolution
		HideSolutionNode = FALSE
	EndGlobalSection
	GlobalSection(ExtensibilityGlobals) = postSolution
		SolutionGuid = {8BE24DA4-829A-4D64-B53B-7C6BA1064258}
	EndGlobalSection
EndGlobal
